// !$*UTF8*$!
{
	archiveVersion = 1;
	classes = {
	};
	objectVersion = 56;
	objects = {

/* Begin PBXBuildFile section */
		A95ECD8429BED82500EC2F35 /* IA2App.swift in Sources */ = {isa = PBXBuildFile; fileRef = A95ECD8329BED82500EC2F35 /* IA2App.swift */; };
		A95ECD8629BED82500EC2F35 /* ContentView.swift in Sources */ = {isa = PBXBuildFile; fileRef = A95ECD8529BED82500EC2F35 /* ContentView.swift */; };
		A95ECD8829BED82500EC2F35 /* Assets.xcassets in Resources */ = {isa = PBXBuildFile; fileRef = A95ECD8729BED82500EC2F35 /* Assets.xcassets */; };
		A95ECD8B29BED82500EC2F35 /* Preview Assets.xcassets in Resources */ = {isa = PBXBuildFile; fileRef = A95ECD8A29BED82500EC2F35 /* Preview Assets.xcassets */; };
		A95ECD9529BED82500EC2F35 /* IA2Tests.swift in Sources */ = {isa = PBXBuildFile; fileRef = A95ECD9429BED82500EC2F35 /* IA2Tests.swift */; };
		A95ECD9F29BED82500EC2F35 /* IA2UITests.swift in Sources */ = {isa = PBXBuildFile; fileRef = A95ECD9E29BED82500EC2F35 /* IA2UITests.swift */; };
		A95ECDA129BED82500EC2F35 /* IA2UITestsLaunchTests.swift in Sources */ = {isa = PBXBuildFile; fileRef = A95ECDA029BED82500EC2F35 /* IA2UITestsLaunchTests.swift */; };
		A95ECDB029BED85600EC2F35 /* Worker.swift in Sources */ = {isa = PBXBuildFile; fileRef = A95ECDAF29BED85600EC2F35 /* Worker.swift */; };
		A95ECDB229BED86E00EC2F35 /* Workers.csv in Resources */ = {isa = PBXBuildFile; fileRef = A95ECDB129BED86E00EC2F35 /* Workers.csv */; };
		A95ECDB429BED87300EC2F35 /* PayRates.csv in Resources */ = {isa = PBXBuildFile; fileRef = A95ECDB329BED87300EC2F35 /* PayRates.csv */; };
		A95ECDB629BED89F00EC2F35 /* DataModel.swift in Sources */ = {isa = PBXBuildFile; fileRef = A95ECDB529BED89F00EC2F35 /* DataModel.swift */; };
		A95ECDB829BED8E300EC2F35 /* CSV Functions.swift in Sources */ = {isa = PBXBuildFile; fileRef = A95ECDB729BED8E300EC2F35 /* CSV Functions.swift */; };
		A95ECDBA29BEDDE400EC2F35 /* PayRate.swift in Sources */ = {isa = PBXBuildFile; fileRef = A95ECDB929BEDDE400EC2F35 /* PayRate.swift */; };
		A95ECDBC29BEE43800EC2F35 /* RosterListView.swift in Sources */ = {isa = PBXBuildFile; fileRef = A95ECDBB29BEE43800EC2F35 /* RosterListView.swift */; };
		A9D6C5A429BEE7A700B62F33 /* Shift.swift in Sources */ = {isa = PBXBuildFile; fileRef = A9D6C5A329BEE7A700B62F33 /* Shift.swift */; };
		A9D6C5A629BEE94100B62F33 /* AddShiftView.swift in Sources */ = {isa = PBXBuildFile; fileRef = A9D6C5A529BEE94100B62F33 /* AddShiftView.swift */; };
/* End PBXBuildFile section */

/* Begin PBXContainerItemProxy section */
		A95ECD9129BED82500EC2F35 /* PBXContainerItemProxy */ = {
			isa = PBXContainerItemProxy;
			containerPortal = A95ECD7829BED82400EC2F35 /* Project object */;
			proxyType = 1;
			remoteGlobalIDString = A95ECD7F29BED82400EC2F35;
			remoteInfo = IA2;
		};
		A95ECD9B29BED82500EC2F35 /* PBXContainerItemProxy */ = {
			isa = PBXContainerItemProxy;
			containerPortal = A95ECD7829BED82400EC2F35 /* Project object */;
			proxyType = 1;
			remoteGlobalIDString = A95ECD7F29BED82400EC2F35;
			remoteInfo = IA2;
		};
/* End PBXContainerItemProxy section */

/* Begin PBXFileReference section */
		A95ECD8029BED82500EC2F35 /* IA2.app */ = {isa = PBXFileReference; explicitFileType = wrapper.application; includeInIndex = 0; path = IA2.app; sourceTree = BUILT_PRODUCTS_DIR; };
		A95ECD8329BED82500EC2F35 /* IA2App.swift */ = {isa = PBXFileReference; lastKnownFileType = sourcecode.swift; path = IA2App.swift; sourceTree = "<group>"; };
		A95ECD8529BED82500EC2F35 /* ContentView.swift */ = {isa = PBXFileReference; lastKnownFileType = sourcecode.swift; path = ContentView.swift; sourceTree = "<group>"; };
		A95ECD8729BED82500EC2F35 /* Assets.xcassets */ = {isa = PBXFileReference; lastKnownFileType = folder.assetcatalog; path = Assets.xcassets; sourceTree = "<group>"; };
		A95ECD8A29BED82500EC2F35 /* Preview Assets.xcassets */ = {isa = PBXFileReference; lastKnownFileType = folder.assetcatalog; path = "Preview Assets.xcassets"; sourceTree = "<group>"; };
		A95ECD9029BED82500EC2F35 /* IA2Tests.xctest */ = {isa = PBXFileReference; explicitFileType = wrapper.cfbundle; includeInIndex = 0; path = IA2Tests.xctest; sourceTree = BUILT_PRODUCTS_DIR; };
		A95ECD9429BED82500EC2F35 /* IA2Tests.swift */ = {isa = PBXFileReference; lastKnownFileType = sourcecode.swift; path = IA2Tests.swift; sourceTree = "<group>"; };
		A95ECD9A29BED82500EC2F35 /* IA2UITests.xctest */ = {isa = PBXFileReference; explicitFileType = wrapper.cfbundle; includeInIndex = 0; path = IA2UITests.xctest; sourceTree = BUILT_PRODUCTS_DIR; };
		A95ECD9E29BED82500EC2F35 /* IA2UITests.swift */ = {isa = PBXFileReference; lastKnownFileType = sourcecode.swift; path = IA2UITests.swift; sourceTree = "<group>"; };
		A95ECDA029BED82500EC2F35 /* IA2UITestsLaunchTests.swift */ = {isa = PBXFileReference; lastKnownFileType = sourcecode.swift; path = IA2UITestsLaunchTests.swift; sourceTree = "<group>"; };
		A95ECDAF29BED85600EC2F35 /* Worker.swift */ = {isa = PBXFileReference; lastKnownFileType = sourcecode.swift; path = Worker.swift; sourceTree = "<group>"; };
		A95ECDB129BED86E00EC2F35 /* Workers.csv */ = {isa = PBXFileReference; fileEncoding = 4; lastKnownFileType = text; path = Workers.csv; sourceTree = "<group>"; };
		A95ECDB329BED87300EC2F35 /* PayRates.csv */ = {isa = PBXFileReference; fileEncoding = 4; lastKnownFileType = text; path = PayRates.csv; sourceTree = "<group>"; };
		A95ECDB529BED89F00EC2F35 /* DataModel.swift */ = {isa = PBXFileReference; lastKnownFileType = sourcecode.swift; path = DataModel.swift; sourceTree = "<group>"; };
		A95ECDB729BED8E300EC2F35 /* CSV Functions.swift */ = {isa = PBXFileReference; lastKnownFileType = sourcecode.swift; path = "CSV Functions.swift"; sourceTree = "<group>"; };
		A95ECDB929BEDDE400EC2F35 /* PayRate.swift */ = {isa = PBXFileReference; lastKnownFileType = sourcecode.swift; path = PayRate.swift; sourceTree = "<group>"; };
		A95ECDBB29BEE43800EC2F35 /* RosterListView.swift */ = {isa = PBXFileReference; lastKnownFileType = sourcecode.swift; path = RosterListView.swift; sourceTree = "<group>"; };
		A9D6C5A329BEE7A700B62F33 /* Shift.swift */ = {isa = PBXFileReference; lastKnownFileType = sourcecode.swift; path = Shift.swift; sourceTree = "<group>"; };
		A9D6C5A529BEE94100B62F33 /* AddShiftView.swift */ = {isa = PBXFileReference; lastKnownFileType = sourcecode.swift; path = AddShiftView.swift; sourceTree = "<group>"; };
/* End PBXFileReference section */

/* Begin PBXFrameworksBuildPhase section */
		A95ECD7D29BED82400EC2F35 /* Frameworks */ = {
			isa = PBXFrameworksBuildPhase;
			buildActionMask = 2147483647;
			files = (
			);
			runOnlyForDeploymentPostprocessing = 0;
		};
		A95ECD8D29BED82500EC2F35 /* Frameworks */ = {
			isa = PBXFrameworksBuildPhase;
			buildActionMask = 2147483647;
			files = (
			);
			runOnlyForDeploymentPostprocessing = 0;
		};
		A95ECD9729BED82500EC2F35 /* Frameworks */ = {
			isa = PBXFrameworksBuildPhase;
			buildActionMask = 2147483647;
			files = (
			);
			runOnlyForDeploymentPostprocessing = 0;
		};
/* End PBXFrameworksBuildPhase section */

/* Begin PBXGroup section */
		A95ECD7729BED82400EC2F35 = {
			isa = PBXGroup;
			children = (
				A95ECD8229BED82500EC2F35 /* IA2 */,
				A95ECD9329BED82500EC2F35 /* IA2Tests */,
				A95ECD9D29BED82500EC2F35 /* IA2UITests */,
				A95ECD8129BED82500EC2F35 /* Products */,
			);
			sourceTree = "<group>";
		};
		A95ECD8129BED82500EC2F35 /* Products */ = {
			isa = PBXGroup;
			children = (
				A95ECD8029BED82500EC2F35 /* IA2.app */,
				A95ECD9029BED82500EC2F35 /* IA2Tests.xctest */,
				A95ECD9A29BED82500EC2F35 /* IA2UITests.xctest */,
			);
			name = Products;
			sourceTree = "<group>";
		};
		A95ECD8229BED82500EC2F35 /* IA2 */ = {
			isa = PBXGroup;
			children = (
				A95ECD8329BED82500EC2F35 /* IA2App.swift */,
				A95ECDAE29BED84E00EC2F35 /* MODELS */,
				A95ECDAD29BED84900EC2F35 /* VIEWS */,
				A95ECD8729BED82500EC2F35 /* Assets.xcassets */,
				A95ECD8929BED82500EC2F35 /* Preview Content */,
			);
			path = IA2;
			sourceTree = "<group>";
		};
		A95ECD8929BED82500EC2F35 /* Preview Content */ = {
			isa = PBXGroup;
			children = (
				A95ECD8A29BED82500EC2F35 /* Preview Assets.xcassets */,
			);
			path = "Preview Content";
			sourceTree = "<group>";
		};
		A95ECD9329BED82500EC2F35 /* IA2Tests */ = {
			isa = PBXGroup;
			children = (
				A95ECD9429BED82500EC2F35 /* IA2Tests.swift */,
			);
			path = IA2Tests;
			sourceTree = "<group>";
		};
		A95ECD9D29BED82500EC2F35 /* IA2UITests */ = {
			isa = PBXGroup;
			children = (
				A95ECD9E29BED82500EC2F35 /* IA2UITests.swift */,
				A95ECDA029BED82500EC2F35 /* IA2UITestsLaunchTests.swift */,
			);
			path = IA2UITests;
			sourceTree = "<group>";
		};
		A95ECDAD29BED84900EC2F35 /* VIEWS */ = {
			isa = PBXGroup;
			children = (
				A95ECD8529BED82500EC2F35 /* ContentView.swift */,
				A95ECDBB29BEE43800EC2F35 /* RosterListView.swift */,
				A9D6C5A529BEE94100B62F33 /* AddShiftView.swift */,
			);
			path = VIEWS;
			sourceTree = "<group>";
		};
		A95ECDAE29BED84E00EC2F35 /* MODELS */ = {
			isa = PBXGroup;
			children = (
				A95ECDB129BED86E00EC2F35 /* Workers.csv */,
				A95ECDB329BED87300EC2F35 /* PayRates.csv */,
				A95ECDAF29BED85600EC2F35 /* Worker.swift */,
				A95ECDB929BEDDE400EC2F35 /* PayRate.swift */,
				A9D6C5A329BEE7A700B62F33 /* Shift.swift */,
				A95ECDB729BED8E300EC2F35 /* CSV Functions.swift */,
				A95ECDB529BED89F00EC2F35 /* DataModel.swift */,
			);
			path = MODELS;
			sourceTree = "<group>";
		};
/* End PBXGroup section */

/* Begin PBXNativeTarget section */
		A95ECD7F29BED82400EC2F35 /* IA2 */ = {
			isa = PBXNativeTarget;
			buildConfigurationList = A95ECDA429BED82500EC2F35 /* Build configuration list for PBXNativeTarget "IA2" */;
			buildPhases = (
				A95ECD7C29BED82400EC2F35 /* Sources */,
				A95ECD7D29BED82400EC2F35 /* Frameworks */,
				A95ECD7E29BED82400EC2F35 /* Resources */,
			);
			buildRules = (
			);
			dependencies = (
			);
			name = IA2;
			productName = IA2;
			productReference = A95ECD8029BED82500EC2F35 /* IA2.app */;
			productType = "com.apple.product-type.application";
		};
		A95ECD8F29BED82500EC2F35 /* IA2Tests */ = {
			isa = PBXNativeTarget;
			buildConfigurationList = A95ECDA729BED82500EC2F35 /* Build configuration list for PBXNativeTarget "IA2Tests" */;
			buildPhases = (
				A95ECD8C29BED82500EC2F35 /* Sources */,
				A95ECD8D29BED82500EC2F35 /* Frameworks */,
				A95ECD8E29BED82500EC2F35 /* Resources */,
			);
			buildRules = (
			);
			dependencies = (
				A95ECD9229BED82500EC2F35 /* PBXTargetDependency */,
			);
			name = IA2Tests;
			productName = IA2Tests;
			productReference = A95ECD9029BED82500EC2F35 /* IA2Tests.xctest */;
			productType = "com.apple.product-type.bundle.unit-test";
		};
		A95ECD9929BED82500EC2F35 /* IA2UITests */ = {
			isa = PBXNativeTarget;
			buildConfigurationList = A95ECDAA29BED82500EC2F35 /* Build configuration list for PBXNativeTarget "IA2UITests" */;
			buildPhases = (
				A95ECD9629BED82500EC2F35 /* Sources */,
				A95ECD9729BED82500EC2F35 /* Frameworks */,
				A95ECD9829BED82500EC2F35 /* Resources */,
			);
			buildRules = (
			);
			dependencies = (
				A95ECD9C29BED82500EC2F35 /* PBXTargetDependency */,
			);
			name = IA2UITests;
			productName = IA2UITests;
			productReference = A95ECD9A29BED82500EC2F35 /* IA2UITests.xctest */;
			productType = "com.apple.product-type.bundle.ui-testing";
		};
/* End PBXNativeTarget section */

/* Begin PBXProject section */
		A95ECD7829BED82400EC2F35 /* Project object */ = {
			isa = PBXProject;
			attributes = {
				BuildIndependentTargetsInParallel = 1;
				LastSwiftUpdateCheck = 1420;
				LastUpgradeCheck = 1420;
				TargetAttributes = {
					A95ECD7F29BED82400EC2F35 = {
						CreatedOnToolsVersion = 14.2;
					};
					A95ECD8F29BED82500EC2F35 = {
						CreatedOnToolsVersion = 14.2;
						TestTargetID = A95ECD7F29BED82400EC2F35;
					};
					A95ECD9929BED82500EC2F35 = {
						CreatedOnToolsVersion = 14.2;
						TestTargetID = A95ECD7F29BED82400EC2F35;
					};
				};
			};
			buildConfigurationList = A95ECD7B29BED82400EC2F35 /* Build configuration list for PBXProject "IA2" */;
			compatibilityVersion = "Xcode 14.0";
			developmentRegion = en;
			hasScannedForEncodings = 0;
			knownRegions = (
				en,
				Base,
			);
			mainGroup = A95ECD7729BED82400EC2F35;
			productRefGroup = A95ECD8129BED82500EC2F35 /* Products */;
			projectDirPath = "";
			projectRoot = "";
			targets = (
				A95ECD7F29BED82400EC2F35 /* IA2 */,
				A95ECD8F29BED82500EC2F35 /* IA2Tests */,
				A95ECD9929BED82500EC2F35 /* IA2UITests */,
			);
		};
/* End PBXProject section */

/* Begin PBXResourcesBuildPhase section */
		A95ECD7E29BED82400EC2F35 /* Resources */ = {
			isa = PBXResourcesBuildPhase;
			buildActionMask = 2147483647;
			files = (
				A95ECDB229BED86E00EC2F35 /* Workers.csv in Resources */,
				A95ECD8B29BED82500EC2F35 /* Preview Assets.xcassets in Resources */,
				A95ECD8829BED82500EC2F35 /* Assets.xcassets in Resources */,
				A95ECDB429BED87300EC2F35 /* PayRates.csv in Resources */,
			);
			runOnlyForDeploymentPostprocessing = 0;
		};
		A95ECD8E29BED82500EC2F35 /* Resources */ = {
			isa = PBXResourcesBuildPhase;
			buildActionMask = 2147483647;
			files = (
			);
			runOnlyForDeploymentPostprocessing = 0;
		};
		A95ECD9829BED82500EC2F35 /* Resources */ = {
			isa = PBXResourcesBuildPhase;
			buildActionMask = 2147483647;
			files = (
			);
			runOnlyForDeploymentPostprocessing = 0;
		};
/* End PBXResourcesBuildPhase section */

/* Begin PBXSourcesBuildPhase section */
		A95ECD7C29BED82400EC2F35 /* Sources */ = {
			isa = PBXSourcesBuildPhase;
			buildActionMask = 2147483647;
			files = (
				A95ECD8629BED82500EC2F35 /* ContentView.swift in Sources */,
				A9D6C5A429BEE7A700B62F33 /* Shift.swift in Sources */,
				A9D6C5A629BEE94100B62F33 /* AddShiftView.swift in Sources */,
				A95ECDB629BED89F00EC2F35 /* DataModel.swift in Sources */,
				A95ECDBC29BEE43800EC2F35 /* RosterListView.swift in Sources */,
				A95ECDBA29BEDDE400EC2F35 /* PayRate.swift in Sources */,
				A95ECDB029BED85600EC2F35 /* Worker.swift in Sources */,
				A95ECDB829BED8E300EC2F35 /* CSV Functions.swift in Sources */,
				A95ECD8429BED82500EC2F35 /* IA2App.swift in Sources */,
			);
			runOnlyForDeploymentPostprocessing = 0;
		};
		A95ECD8C29BED82500EC2F35 /* Sources */ = {
			isa = PBXSourcesBuildPhase;
			buildActionMask = 2147483647;
			files = (
				A95ECD9529BED82500EC2F35 /* IA2Tests.swift in Sources */,
			);
			runOnlyForDeploymentPostprocessing = 0;
		};
		A95ECD9629BED82500EC2F35 /* Sources */ = {
			isa = PBXSourcesBuildPhase;
			buildActionMask = 2147483647;
			files = (
				A95ECD9F29BED82500EC2F35 /* IA2UITests.swift in Sources */,
				A95ECDA129BED82500EC2F35 /* IA2UITestsLaunchTests.swift in Sources */,
			);
			runOnlyForDeploymentPostprocessing = 0;
		};
/* End PBXSourcesBuildPhase section */

/* Begin PBXTargetDependency section */
		A95ECD9229BED82500EC2F35 /* PBXTargetDependency */ = {
			isa = PBXTargetDependency;
			target = A95ECD7F29BED82400EC2F35 /* IA2 */;
			targetProxy = A95ECD9129BED82500EC2F35 /* PBXContainerItemProxy */;
		};
		A95ECD9C29BED82500EC2F35 /* PBXTargetDependency */ = {
			isa = PBXTargetDependency;
			target = A95ECD7F29BED82400EC2F35 /* IA2 */;
			targetProxy = A95ECD9B29BED82500EC2F35 /* PBXContainerItemProxy */;
		};
/* End PBXTargetDependency section */

/* Begin XCBuildConfiguration section */
		A95ECDA229BED82500EC2F35 /* Debug */ = {
			isa = XCBuildConfiguration;
			buildSettings = {
				ALWAYS_SEARCH_USER_PATHS = NO;
				CLANG_ANALYZER_NONNULL = YES;
				CLANG_ANALYZER_NUMBER_OBJECT_CONVERSION = YES_AGGRESSIVE;
				CLANG_CXX_LANGUAGE_STANDARD = "gnu++20";
				CLANG_ENABLE_MODULES = YES;
				CLANG_ENABLE_OBJC_ARC = YES;
				CLANG_ENABLE_OBJC_WEAK = YES;
				CLANG_WARN_BLOCK_CAPTURE_AUTORELEASING = YES;
				CLANG_WARN_BOOL_CONVERSION = YES;
				CLANG_WARN_COMMA = YES;
				CLANG_WARN_CONSTANT_CONVERSION = YES;
				CLANG_WARN_DEPRECATED_OBJC_IMPLEMENTATIONS = YES;
				CLANG_WARN_DIRECT_OBJC_ISA_USAGE = YES_ERROR;
				CLANG_WARN_DOCUMENTATION_COMMENTS = YES;
				CLANG_WARN_EMPTY_BODY = YES;
				CLANG_WARN_ENUM_CONVERSION = YES;
				CLANG_WARN_INFINITE_RECURSION = YES;
				CLANG_WARN_INT_CONVERSION = YES;
				CLANG_WARN_NON_LITERAL_NULL_CONVERSION = YES;
				CLANG_WARN_OBJC_IMPLICIT_RETAIN_SELF = YES;
				CLANG_WARN_OBJC_LITERAL_CONVERSION = YES;
				CLANG_WARN_OBJC_ROOT_CLASS = YES_ERROR;
				CLANG_WARN_QUOTED_INCLUDE_IN_FRAMEWORK_HEADER = YES;
				CLANG_WARN_RANGE_LOOP_ANALYSIS = YES;
				CLANG_WARN_STRICT_PROTOTYPES = YES;
				CLANG_WARN_SUSPICIOUS_MOVE = YES;
				CLANG_WARN_UNGUARDED_AVAILABILITY = YES_AGGRESSIVE;
				CLANG_WARN_UNREACHABLE_CODE = YES;
				CLANG_WARN__DUPLICATE_METHOD_MATCH = YES;
				COPY_PHASE_STRIP = NO;
				DEBUG_INFORMATION_FORMAT = dwarf;
				ENABLE_STRICT_OBJC_MSGSEND = YES;
				ENABLE_TESTABILITY = YES;
				GCC_C_LANGUAGE_STANDARD = gnu11;
				GCC_DYNAMIC_NO_PIC = NO;
				GCC_NO_COMMON_BLOCKS = YES;
				GCC_OPTIMIZATION_LEVEL = 0;
				GCC_PREPROCESSOR_DEFINITIONS = (
					"DEBUG=1",
					"$(inherited)",
				);
				GCC_WARN_64_TO_32_BIT_CONVERSION = YES;
				GCC_WARN_ABOUT_RETURN_TYPE = YES_ERROR;
				GCC_WARN_UNDECLARED_SELECTOR = YES;
				GCC_WARN_UNINITIALIZED_AUTOS = YES_AGGRESSIVE;
				GCC_WARN_UNUSED_FUNCTION = YES;
				GCC_WARN_UNUSED_VARIABLE = YES;
				IPHONEOS_DEPLOYMENT_TARGET = 16.2;
				MTL_ENABLE_DEBUG_INFO = INCLUDE_SOURCE;
				MTL_FAST_MATH = YES;
				ONLY_ACTIVE_ARCH = YES;
				SDKROOT = iphoneos;
				SWIFT_ACTIVE_COMPILATION_CONDITIONS = DEBUG;
				SWIFT_OPTIMIZATION_LEVEL = "-Onone";
			};
			name = Debug;
		};
		A95ECDA329BED82500EC2F35 /* Release */ = {
			isa = XCBuildConfiguration;
			buildSettings = {
				ALWAYS_SEARCH_USER_PATHS = NO;
				CLANG_ANALYZER_NONNULL = YES;
				CLANG_ANALYZER_NUMBER_OBJECT_CONVERSION = YES_AGGRESSIVE;
				CLANG_CXX_LANGUAGE_STANDARD = "gnu++20";
				CLANG_ENABLE_MODULES = YES;
				CLANG_ENABLE_OBJC_ARC = YES;
				CLANG_ENABLE_OBJC_WEAK = YES;
				CLANG_WARN_BLOCK_CAPTURE_AUTORELEASING = YES;
				CLANG_WARN_BOOL_CONVERSION = YES;
				CLANG_WARN_COMMA = YES;
				CLANG_WARN_CONSTANT_CONVERSION = YES;
				CLANG_WARN_DEPRECATED_OBJC_IMPLEMENTATIONS = YES;
				CLANG_WARN_DIRECT_OBJC_ISA_USAGE = YES_ERROR;
				CLANG_WARN_DOCUMENTATION_COMMENTS = YES;
				CLANG_WARN_EMPTY_BODY = YES;
				CLANG_WARN_ENUM_CONVERSION = YES;
				CLANG_WARN_INFINITE_RECURSION = YES;
				CLANG_WARN_INT_CONVERSION = YES;
				CLANG_WARN_NON_LITERAL_NULL_CONVERSION = YES;
				CLANG_WARN_OBJC_IMPLICIT_RETAIN_SELF = YES;
				CLANG_WARN_OBJC_LITERAL_CONVERSION = YES;
				CLANG_WARN_OBJC_ROOT_CLASS = YES_ERROR;
				CLANG_WARN_QUOTED_INCLUDE_IN_FRAMEWORK_HEADER = YES;
				CLANG_WARN_RANGE_LOOP_ANALYSIS = YES;
				CLANG_WARN_STRICT_PROTOTYPES = YES;
				CLANG_WARN_SUSPICIOUS_MOVE = YES;
				CLANG_WARN_UNGUARDED_AVAILABILITY = YES_AGGRESSIVE;
				CLANG_WARN_UNREACHABLE_CODE = YES;
				CLANG_WARN__DUPLICATE_METHOD_MATCH = YES;
				COPY_PHASE_STRIP = NO;
				DEBUG_INFORMATION_FORMAT = "dwarf-with-dsym";
				ENABLE_NS_ASSERTIONS = NO;
				ENABLE_STRICT_OBJC_MSGSEND = YES;
				GCC_C_LANGUAGE_STANDARD = gnu11;
				GCC_NO_COMMON_BLOCKS = YES;
				GCC_WARN_64_TO_32_BIT_CONVERSION = YES;
				GCC_WARN_ABOUT_RETURN_TYPE = YES_ERROR;
				GCC_WARN_UNDECLARED_SELECTOR = YES;
				GCC_WARN_UNINITIALIZED_AUTOS = YES_AGGRESSIVE;
				GCC_WARN_UNUSED_FUNCTION = YES;
				GCC_WARN_UNUSED_VARIABLE = YES;
				IPHONEOS_DEPLOYMENT_TARGET = 16.2;
				MTL_ENABLE_DEBUG_INFO = NO;
				MTL_FAST_MATH = YES;
				SDKROOT = iphoneos;
				SWIFT_COMPILATION_MODE = wholemodule;
				SWIFT_OPTIMIZATION_LEVEL = "-O";
				VALIDATE_PRODUCT = YES;
			};
			name = Release;
		};
		A95ECDA529BED82500EC2F35 /* Debug */ = {
			isa = XCBuildConfiguration;
			buildSettings = {
				ASSETCATALOG_COMPILER_APPICON_NAME = AppIcon;
				ASSETCATALOG_COMPILER_GLOBAL_ACCENT_COLOR_NAME = AccentColor;
				CODE_SIGN_STYLE = Automatic;
				CURRENT_PROJECT_VERSION = 1;
				DEVELOPMENT_ASSET_PATHS = "\"IA2/Preview Content\"";
				ENABLE_PREVIEWS = YES;
				GENERATE_INFOPLIST_FILE = YES;
				INFOPLIST_KEY_UIApplicationSceneManifest_Generation = YES;
				INFOPLIST_KEY_UIApplicationSupportsIndirectInputEvents = YES;
				INFOPLIST_KEY_UILaunchScreen_Generation = YES;
				INFOPLIST_KEY_UISupportedInterfaceOrientations_iPad = "UIInterfaceOrientationPortrait UIInterfaceOrientationPortraitUpsideDown UIInterfaceOrientationLandscapeLeft UIInterfaceOrientationLandscapeRight";
				INFOPLIST_KEY_UISupportedInterfaceOrientations_iPhone = "UIInterfaceOrientationPortrait UIInterfaceOrientationLandscapeLeft UIInterfaceOrientationLandscapeRight";
				LD_RUNPATH_SEARCH_PATHS = (
					"$(inherited)",
					"@executable_path/Frameworks",
				);
				MARKETING_VERSION = 1.0;
				PRODUCT_BUNDLE_IDENTIFIER = AJ.IA2;
				PRODUCT_NAME = "$(TARGET_NAME)";
				SWIFT_EMIT_LOC_STRINGS = YES;
				SWIFT_VERSION = 5.0;
				TARGETED_DEVICE_FAMILY = "1,2";
			};
			name = Debug;
		};
		A95ECDA629BED82500EC2F35 /* Release */ = {
			isa = XCBuildConfiguration;
			buildSettings = {
				ASSETCATALOG_COMPILER_APPICON_NAME = AppIcon;
				ASSETCATALOG_COMPILER_GLOBAL_ACCENT_COLOR_NAME = AccentColor;
				CODE_SIGN_STYLE = Automatic;
				CURRENT_PROJECT_VERSION = 1;
				DEVELOPMENT_ASSET_PATHS = "\"IA2/Preview Content\"";
				ENABLE_PREVIEWS = YES;
				GENERATE_INFOPLIST_FILE = YES;
				INFOPLIST_KEY_UIApplicationSceneManifest_Generation = YES;
				INFOPLIST_KEY_UIApplicationSupportsIndirectInputEvents = YES;
				INFOPLIST_KEY_UILaunchScreen_Generation = YES;
				INFOPLIST_KEY_UISupportedInterfaceOrientations_iPad = "UIInterfaceOrientationPortrait UIInterfaceOrientationPortraitUpsideDown UIInterfaceOrientationLandscapeLeft UIInterfaceOrientationLandscapeRight";
				INFOPLIST_KEY_UISupportedInterfaceOrientations_iPhone = "UIInterfaceOrientationPortrait UIInterfaceOrientationLandscapeLeft UIInterfaceOrientationLandscapeRight";
				LD_RUNPATH_SEARCH_PATHS = (
					"$(inherited)",
					"@executable_path/Frameworks",
				);
				MARKETING_VERSION = 1.0;
				PRODUCT_BUNDLE_IDENTIFIER = AJ.IA2;
				PRODUCT_NAME = "$(TARGET_NAME)";
				SWIFT_EMIT_LOC_STRINGS = YES;
				SWIFT_VERSION = 5.0;
				TARGETED_DEVICE_FAMILY = "1,2";
			};
			name = Release;
		};
		A95ECDA829BED82500EC2F35 /* Debug */ = {
			isa = XCBuildConfiguration;
			buildSettings = {
				ALWAYS_EMBED_SWIFT_STANDARD_LIBRARIES = YES;
				BUNDLE_LOADER = "$(TEST_HOST)";
				CODE_SIGN_STYLE = Automatic;
				CURRENT_PROJECT_VERSION = 1;
				GENERATE_INFOPLIST_FILE = YES;
				IPHONEOS_DEPLOYMENT_TARGET = 16.2;
				MARKETING_VERSION = 1.0;
				PRODUCT_BUNDLE_IDENTIFIER = AJ.IA2Tests;
				PRODUCT_NAME = "$(TARGET_NAME)";
				SWIFT_EMIT_LOC_STRINGS = NO;
				SWIFT_VERSION = 5.0;
				TARGETED_DEVICE_FAMILY = "1,2";
				TEST_HOST = "$(BUILT_PRODUCTS_DIR)/IA2.app/$(BUNDLE_EXECUTABLE_FOLDER_PATH)/IA2";
			};
			name = Debug;
		};
		A95ECDA929BED82500EC2F35 /* Release */ = {
			isa = XCBuildConfiguration;
			buildSettings = {
				ALWAYS_EMBED_SWIFT_STANDARD_LIBRARIES = YES;
				BUNDLE_LOADER = "$(TEST_HOST)";
				CODE_SIGN_STYLE = Automatic;
				CURRENT_PROJECT_VERSION = 1;
				GENERATE_INFOPLIST_FILE = YES;
				IPHONEOS_DEPLOYMENT_TARGET = 16.2;
				MARKETING_VERSION = 1.0;
				PRODUCT_BUNDLE_IDENTIFIER = AJ.IA2Tests;
				PRODUCT_NAME = "$(TARGET_NAME)";
				SWIFT_EMIT_LOC_STRINGS = NO;
				SWIFT_VERSION = 5.0;
				TARGETED_DEVICE_FAMILY = "1,2";
				TEST_HOST = "$(BUILT_PRODUCTS_DIR)/IA2.app/$(BUNDLE_EXECUTABLE_FOLDER_PATH)/IA2";
			};
			name = Release;
		};
		A95ECDAB29BED82500EC2F35 /* Debug */ = {
			isa = XCBuildConfiguration;
			buildSettings = {
				ALWAYS_EMBED_SWIFT_STANDARD_LIBRARIES = YES;
				CODE_SIGN_STYLE = Automatic;
				CURRENT_PROJECT_VERSION = 1;
				GENERATE_INFOPLIST_FILE = YES;
				MARKETING_VERSION = 1.0;
				PRODUCT_BUNDLE_IDENTIFIER = AJ.IA2UITests;
				PRODUCT_NAME = "$(TARGET_NAME)";
				SWIFT_EMIT_LOC_STRINGS = NO;
				SWIFT_VERSION = 5.0;
				TARGETED_DEVICE_FAMILY = "1,2";
				TEST_TARGET_NAME = IA2;
			};
			name = Debug;
		};
		A95ECDAC29BED82500EC2F35 /* Release */ = {
			isa = XCBuildConfiguration;
			buildSettings = {
				ALWAYS_EMBED_SWIFT_STANDARD_LIBRARIES = YES;
				CODE_SIGN_STYLE = Automatic;
				CURRENT_PROJECT_VERSION = 1;
				GENERATE_INFOPLIST_FILE = YES;
				MARKETING_VERSION = 1.0;
				PRODUCT_BUNDLE_IDENTIFIER = AJ.IA2UITests;
				PRODUCT_NAME = "$(TARGET_NAME)";
				SWIFT_EMIT_LOC_STRINGS = NO;
				SWIFT_VERSION = 5.0;
				TARGETED_DEVICE_FAMILY = "1,2";
				TEST_TARGET_NAME = IA2;
			};
			name = Release;
		};
/* End XCBuildConfiguration section */

/* Begin XCConfigurationList section */
		A95ECD7B29BED82400EC2F35 /* Build configuration list for PBXProject "IA2" */ = {
			isa = XCConfigurationList;
			buildConfigurations = (
				A95ECDA229BED82500EC2F35 /* Debug */,
				A95ECDA329BED82500EC2F35 /* Release */,
			);
			defaultConfigurationIsVisible = 0;
			defaultConfigurationName = Release;
		};
		A95ECDA429BED82500EC2F35 /* Build configuration list for PBXNativeTarget "IA2" */ = {
			isa = XCConfigurationList;
			buildConfigurations = (
				A95ECDA529BED82500EC2F35 /* Debug */,
				A95ECDA629BED82500EC2F35 /* Release */,
			);
			defaultConfigurationIsVisible = 0;
			defaultConfigurationName = Release;
		};
		A95ECDA729BED82500EC2F35 /* Build configuration list for PBXNativeTarget "IA2Tests" */ = {
			isa = XCConfigurationList;
			buildConfigurations = (
				A95ECDA829BED82500EC2F35 /* Debug */,
				A95ECDA929BED82500EC2F35 /* Release */,
			);
			defaultConfigurationIsVisible = 0;
			defaultConfigurationName = Release;
		};
		A95ECDAA29BED82500EC2F35 /* Build configuration list for PBXNativeTarget "IA2UITests" */ = {
			isa = XCConfigurationList;
			buildConfigurations = (
				A95ECDAB29BED82500EC2F35 /* Debug */,
				A95ECDAC29BED82500EC2F35 /* Release */,
			);
			defaultConfigurationIsVisible = 0;
			defaultConfigurationName = Release;
		};
/* End XCConfigurationList section */
	};
	rootObject = A95ECD7829BED82400EC2F35 /* Project object */;
}
